// !$*UTF8*$!
{
	archiveVersion = 1;
	classes = {
	};
	objectVersion = 50;
	objects = {

/* Begin PBXBuildFile section */
		043503E32660097B0034EE79 /* AppDelegate.swift in Sources */ = {isa = PBXBuildFile; fileRef = 043503E22660097B0034EE79 /* AppDelegate.swift */; };
		043503E52660097B0034EE79 /* SceneDelegate.swift in Sources */ = {isa = PBXBuildFile; fileRef = 043503E42660097B0034EE79 /* SceneDelegate.swift */; };
		043503E72660097B0034EE79 /* ViewController.swift in Sources */ = {isa = PBXBuildFile; fileRef = 043503E62660097B0034EE79 /* ViewController.swift */; };
		043503EA2660097B0034EE79 /* Main.storyboard in Resources */ = {isa = PBXBuildFile; fileRef = 043503E82660097B0034EE79 /* Main.storyboard */; };
		043503EC2660097D0034EE79 /* Assets.xcassets in Resources */ = {isa = PBXBuildFile; fileRef = 043503EB2660097D0034EE79 /* Assets.xcassets */; };
		043503EF2660097D0034EE79 /* LaunchScreen.storyboard in Resources */ = {isa = PBXBuildFile; fileRef = 043503ED2660097D0034EE79 /* LaunchScreen.storyboard */; };
		043503FA2660097D0034EE79 /* MakeInstaTests.swift in Sources */ = {isa = PBXBuildFile; fileRef = 043503F92660097D0034EE79 /* MakeInstaTests.swift */; };
		043504052660097E0034EE79 /* MakeInstaUITests.swift in Sources */ = {isa = PBXBuildFile; fileRef = 043504042660097E0034EE79 /* MakeInstaUITests.swift */; };
/* End PBXBuildFile section */

/* Begin PBXContainerItemProxy section */
		043503F62660097D0034EE79 /* PBXContainerItemProxy */ = {
			isa = PBXContainerItemProxy;
			containerPortal = 043503D72660097B0034EE79 /* Project object */;
			proxyType = 1;
			remoteGlobalIDString = 043503DE2660097B0034EE79;
			remoteInfo = MakeInsta;
		};
		043504012660097E0034EE79 /* PBXContainerItemProxy */ = {
			isa = PBXContainerItemProxy;
			containerPortal = 043503D72660097B0034EE79 /* Project object */;
			proxyType = 1;
			remoteGlobalIDString = 043503DE2660097B0034EE79;
			remoteInfo = MakeInsta;
		};
/* End PBXContainerItemProxy section */

/* Begin PBXFileReference section */
		043503DF2660097B0034EE79 /* MakeInsta.app */ = {isa = PBXFileReference; explicitFileType = wrapper.application; includeInIndex = 0; path = MakeInsta.app; sourceTree = BUILT_PRODUCTS_DIR; };
		043503E22660097B0034EE79 /* AppDelegate.swift */ = {isa = PBXFileReference; lastKnownFileType = sourcecode.swift; path = AppDelegate.swift; sourceTree = "<group>"; };
		043503E42660097B0034EE79 /* SceneDelegate.swift */ = {isa = PBXFileReference; lastKnownFileType = sourcecode.swift; path = SceneDelegate.swift; sourceTree = "<group>"; };
		043503E62660097B0034EE79 /* ViewController.swift */ = {isa = PBXFileReference; lastKnownFileType = sourcecode.swift; path = ViewController.swift; sourceTree = "<group>"; };
		043503E92660097B0034EE79 /* Base */ = {isa = PBXFileReference; lastKnownFileType = file.storyboard; name = Base; path = Base.lproj/Main.storyboard; sourceTree = "<group>"; };
		043503EB2660097D0034EE79 /* Assets.xcassets */ = {isa = PBXFileReference; lastKnownFileType = folder.assetcatalog; path = Assets.xcassets; sourceTree = "<group>"; };
		043503EE2660097D0034EE79 /* Base */ = {isa = PBXFileReference; lastKnownFileType = file.storyboard; name = Base; path = Base.lproj/LaunchScreen.storyboard; sourceTree = "<group>"; };
		043503F02660097D0034EE79 /* Info.plist */ = {isa = PBXFileReference; lastKnownFileType = text.plist.xml; path = Info.plist; sourceTree = "<group>"; };
		043503F52660097D0034EE79 /* MakeInstaTests.xctest */ = {isa = PBXFileReference; explicitFileType = wrapper.cfbundle; includeInIndex = 0; path = MakeInstaTests.xctest; sourceTree = BUILT_PRODUCTS_DIR; };
		043503F92660097D0034EE79 /* MakeInstaTests.swift */ = {isa = PBXFileReference; lastKnownFileType = sourcecode.swift; path = MakeInstaTests.swift; sourceTree = "<group>"; };
		043503FB2660097D0034EE79 /* Info.plist */ = {isa = PBXFileReference; lastKnownFileType = text.plist.xml; path = Info.plist; sourceTree = "<group>"; };
		043504002660097E0034EE79 /* MakeInstaUITests.xctest */ = {isa = PBXFileReference; explicitFileType = wrapper.cfbundle; includeInIndex = 0; path = MakeInstaUITests.xctest; sourceTree = BUILT_PRODUCTS_DIR; };
		043504042660097E0034EE79 /* MakeInstaUITests.swift */ = {isa = PBXFileReference; lastKnownFileType = sourcecode.swift; path = MakeInstaUITests.swift; sourceTree = "<group>"; };
		043504062660097E0034EE79 /* Info.plist */ = {isa = PBXFileReference; lastKnownFileType = text.plist.xml; path = Info.plist; sourceTree = "<group>"; };
/* End PBXFileReference section */

/* Begin PBXFrameworksBuildPhase section */
		043503DC2660097B0034EE79 /* Frameworks */ = {
			isa = PBXFrameworksBuildPhase;
			buildActionMask = 2147483647;
			files = (
			);
			runOnlyForDeploymentPostprocessing = 0;
		};
		043503F22660097D0034EE79 /* Frameworks */ = {
			isa = PBXFrameworksBuildPhase;
			buildActionMask = 2147483647;
			files = (
			);
			runOnlyForDeploymentPostprocessing = 0;
		};
		043503FD2660097E0034EE79 /* Frameworks */ = {
			isa = PBXFrameworksBuildPhase;
			buildActionMask = 2147483647;
			files = (
			);
			runOnlyForDeploymentPostprocessing = 0;
		};
/* End PBXFrameworksBuildPhase section */

/* Begin PBXGroup section */
		043503D62660097B0034EE79 = {
			isa = PBXGroup;
			children = (
				043503E12660097B0034EE79 /* MakeInsta */,
				043503F82660097D0034EE79 /* MakeInstaTests */,
				043504032660097E0034EE79 /* MakeInstaUITests */,
				043503E02660097B0034EE79 /* Products */,
			);
			sourceTree = "<group>";
		};
		043503E02660097B0034EE79 /* Products */ = {
			isa = PBXGroup;
			children = (
				043503DF2660097B0034EE79 /* MakeInsta.app */,
				043503F52660097D0034EE79 /* MakeInstaTests.xctest */,
				043504002660097E0034EE79 /* MakeInstaUITests.xctest */,
			);
			name = Products;
			sourceTree = "<group>";
		};
		043503E12660097B0034EE79 /* MakeInsta */ = {
			isa = PBXGroup;
			children = (
				043503E22660097B0034EE79 /* AppDelegate.swift */,
				043503E42660097B0034EE79 /* SceneDelegate.swift */,
				043503E62660097B0034EE79 /* ViewController.swift */,
				043503E82660097B0034EE79 /* Main.storyboard */,
				043503EB2660097D0034EE79 /* Assets.xcassets */,
				043503ED2660097D0034EE79 /* LaunchScreen.storyboard */,
				043503F02660097D0034EE79 /* Info.plist */,
			);
			path = MakeInsta;
			sourceTree = "<group>";
		};
		043503F82660097D0034EE79 /* MakeInstaTests */ = {
			isa = PBXGroup;
			children = (
				043503F92660097D0034EE79 /* MakeInstaTests.swift */,
				043503FB2660097D0034EE79 /* Info.plist */,
			);
			path = MakeInstaTests;
			sourceTree = "<group>";
		};
		043504032660097E0034EE79 /* MakeInstaUITests */ = {
			isa = PBXGroup;
			children = (
				043504042660097E0034EE79 /* MakeInstaUITests.swift */,
				043504062660097E0034EE79 /* Info.plist */,
			);
			path = MakeInstaUITests;
			sourceTree = "<group>";
		};
/* End PBXGroup section */

/* Begin PBXNativeTarget section */
		043503DE2660097B0034EE79 /* MakeInsta */ = {
			isa = PBXNativeTarget;
			buildConfigurationList = 043504092660097E0034EE79 /* Build configuration list for PBXNativeTarget "MakeInsta" */;
			buildPhases = (
				043503DB2660097B0034EE79 /* Sources */,
				043503DC2660097B0034EE79 /* Frameworks */,
				043503DD2660097B0034EE79 /* Resources */,
			);
			buildRules = (
			);
			dependencies = (
			);
			name = MakeInsta;
			productName = MakeInsta;
			productReference = 043503DF2660097B0034EE79 /* MakeInsta.app */;
			productType = "com.apple.product-type.application";
		};
		043503F42660097D0034EE79 /* MakeInstaTests */ = {
			isa = PBXNativeTarget;
			buildConfigurationList = 0435040C2660097E0034EE79 /* Build configuration list for PBXNativeTarget "MakeInstaTests" */;
			buildPhases = (
				043503F12660097D0034EE79 /* Sources */,
				043503F22660097D0034EE79 /* Frameworks */,
				043503F32660097D0034EE79 /* Resources */,
			);
			buildRules = (
			);
			dependencies = (
				043503F72660097D0034EE79 /* PBXTargetDependency */,
			);
			name = MakeInstaTests;
			productName = MakeInstaTests;
			productReference = 043503F52660097D0034EE79 /* MakeInstaTests.xctest */;
			productType = "com.apple.product-type.bundle.unit-test";
		};
		043503FF2660097E0034EE79 /* MakeInstaUITests */ = {
			isa = PBXNativeTarget;
			buildConfigurationList = 0435040F2660097E0034EE79 /* Build configuration list for PBXNativeTarget "MakeInstaUITests" */;
			buildPhases = (
				043503FC2660097E0034EE79 /* Sources */,
				043503FD2660097E0034EE79 /* Frameworks */,
				043503FE2660097E0034EE79 /* Resources */,
			);
			buildRules = (
			);
			dependencies = (
				043504022660097E0034EE79 /* PBXTargetDependency */,
			);
			name = MakeInstaUITests;
			productName = MakeInstaUITests;
			productReference = 043504002660097E0034EE79 /* MakeInstaUITests.xctest */;
			productType = "com.apple.product-type.bundle.ui-testing";
		};
/* End PBXNativeTarget section */

/* Begin PBXProject section */
		043503D72660097B0034EE79 /* Project object */ = {
			isa = PBXProject;
			attributes = {
				LastSwiftUpdateCheck = 1230;
				LastUpgradeCheck = 1230;
				TargetAttributes = {
					043503DE2660097B0034EE79 = {
						CreatedOnToolsVersion = 12.3;
					};
					043503F42660097D0034EE79 = {
						CreatedOnToolsVersion = 12.3;
						TestTargetID = 043503DE2660097B0034EE79;
					};
					043503FF2660097E0034EE79 = {
						CreatedOnToolsVersion = 12.3;
						TestTargetID = 043503DE2660097B0034EE79;
					};
				};
			};
			buildConfigurationList = 043503DA2660097B0034EE79 /* Build configuration list for PBXProject "MakeInsta" */;
			compatibilityVersion = "Xcode 9.3";
			developmentRegion = en;
			hasScannedForEncodings = 0;
			knownRegions = (
				en,
				Base,
			);
			mainGroup = 043503D62660097B0034EE79;
			productRefGroup = 043503E02660097B0034EE79 /* Products */;
			projectDirPath = "";
			projectRoot = "";
			targets = (
				043503DE2660097B0034EE79 /* MakeInsta */,
				043503F42660097D0034EE79 /* MakeInstaTests */,
				043503FF2660097E0034EE79 /* MakeInstaUITests */,
			);
		};
/* End PBXProject section */

/* Begin PBXResourcesBuildPhase section */
		043503DD2660097B0034EE79 /* Resources */ = {
			isa = PBXResourcesBuildPhase;
			buildActionMask = 2147483647;
			files = (
				043503EF2660097D0034EE79 /* LaunchScreen.storyboard in Resources */,
				043503EC2660097D0034EE79 /* Assets.xcassets in Resources */,
				043503EA2660097B0034EE79 /* Main.storyboard in Resources */,
			);
			runOnlyForDeploymentPostprocessing = 0;
		};
		043503F32660097D0034EE79 /* Resources */ = {
			isa = PBXResourcesBuildPhase;
			buildActionMask = 2147483647;
			files = (
			);
			runOnlyForDeploymentPostprocessing = 0;
		};
		043503FE2660097E0034EE79 /* Resources */ = {
			isa = PBXResourcesBuildPhase;
			buildActionMask = 2147483647;
			files = (
			);
			runOnlyForDeploymentPostprocessing = 0;
		};
/* End PBXResourcesBuildPhase section */

/* Begin PBXSourcesBuildPhase section */
		043503DB2660097B0034EE79 /* Sources */ = {
			isa = PBXSourcesBuildPhase;
			buildActionMask = 2147483647;
			files = (
				043503E72660097B0034EE79 /* ViewController.swift in Sources */,
				043503E32660097B0034EE79 /* AppDelegate.swift in Sources */,
				043503E52660097B0034EE79 /* SceneDelegate.swift in Sources */,
			);
			runOnlyForDeploymentPostprocessing = 0;
		};
		043503F12660097D0034EE79 /* Sources */ = {
			isa = PBXSourcesBuildPhase;
			buildActionMask = 2147483647;
			files = (
				043503FA2660097D0034EE79 /* MakeInstaTests.swift in Sources */,
			);
			runOnlyForDeploymentPostprocessing = 0;
		};
		043503FC2660097E0034EE79 /* Sources */ = {
			isa = PBXSourcesBuildPhase;
			buildActionMask = 2147483647;
			files = (
				043504052660097E0034EE79 /* MakeInstaUITests.swift in Sources */,
			);
			runOnlyForDeploymentPostprocessing = 0;
		};
/* End PBXSourcesBuildPhase section */

/* Begin PBXTargetDependency section */
		043503F72660097D0034EE79 /* PBXTargetDependency */ = {
			isa = PBXTargetDependency;
			target = 043503DE2660097B0034EE79 /* MakeInsta */;
			targetProxy = 043503F62660097D0034EE79 /* PBXContainerItemProxy */;
		};
		043504022660097E0034EE79 /* PBXTargetDependency */ = {
			isa = PBXTargetDependency;
			target = 043503DE2660097B0034EE79 /* MakeInsta */;
			targetProxy = 043504012660097E0034EE79 /* PBXContainerItemProxy */;
		};
/* End PBXTargetDependency section */

/* Begin PBXVariantGroup section */
		043503E82660097B0034EE79 /* Main.storyboard */ = {
			isa = PBXVariantGroup;
			children = (
				043503E92660097B0034EE79 /* Base */,
			);
			name = Main.storyboard;
			sourceTree = "<group>";
		};
		043503ED2660097D0034EE79 /* LaunchScreen.storyboard */ = {
			isa = PBXVariantGroup;
			children = (
				043503EE2660097D0034EE79 /* Base */,
			);
			name = LaunchScreen.storyboard;
			sourceTree = "<group>";
		};
/* End PBXVariantGroup section */

/* Begin XCBuildConfiguration section */
		043504072660097E0034EE79 /* Debug */ = {
			isa = XCBuildConfiguration;
			buildSettings = {
				ALWAYS_SEARCH_USER_PATHS = NO;
				CLANG_ANALYZER_NONNULL = YES;
				CLANG_ANALYZER_NUMBER_OBJECT_CONVERSION = YES_AGGRESSIVE;
				CLANG_CXX_LANGUAGE_STANDARD = "gnu++14";
				CLANG_CXX_LIBRARY = "libc++";
				CLANG_ENABLE_MODULES = YES;
				CLANG_ENABLE_OBJC_ARC = YES;
				CLANG_ENABLE_OBJC_WEAK = YES;
				CLANG_WARN_BLOCK_CAPTURE_AUTORELEASING = YES;
				CLANG_WARN_BOOL_CONVERSION = YES;
				CLANG_WARN_COMMA = YES;
				CLANG_WARN_CONSTANT_CONVERSION = YES;
				CLANG_WARN_DEPRECATED_OBJC_IMPLEMENTATIONS = YES;
				CLANG_WARN_DIRECT_OBJC_ISA_USAGE = YES_ERROR;
				CLANG_WARN_DOCUMENTATION_COMMENTS = YES;
				CLANG_WARN_EMPTY_BODY = YES;
				CLANG_WARN_ENUM_CONVERSION = YES;
				CLANG_WARN_INFINITE_RECURSION = YES;
				CLANG_WARN_INT_CONVERSION = YES;
				CLANG_WARN_NON_LITERAL_NULL_CONVERSION = YES;
				CLANG_WARN_OBJC_IMPLICIT_RETAIN_SELF = YES;
				CLANG_WARN_OBJC_LITERAL_CONVERSION = YES;
				CLANG_WARN_OBJC_ROOT_CLASS = YES_ERROR;
				CLANG_WARN_QUOTED_INCLUDE_IN_FRAMEWORK_HEADER = YES;
				CLANG_WARN_RANGE_LOOP_ANALYSIS = YES;
				CLANG_WARN_STRICT_PROTOTYPES = YES;
				CLANG_WARN_SUSPICIOUS_MOVE = YES;
				CLANG_WARN_UNGUARDED_AVAILABILITY = YES_AGGRESSIVE;
				CLANG_WARN_UNREACHABLE_CODE = YES;
				CLANG_WARN__DUPLICATE_METHOD_MATCH = YES;
				COPY_PHASE_STRIP = NO;
				DEBUG_INFORMATION_FORMAT = dwarf;
				ENABLE_STRICT_OBJC_MSGSEND = YES;
				ENABLE_TESTABILITY = YES;
				GCC_C_LANGUAGE_STANDARD = gnu11;
				GCC_DYNAMIC_NO_PIC = NO;
				GCC_NO_COMMON_BLOCKS = YES;
				GCC_OPTIMIZATION_LEVEL = 0;
				GCC_PREPROCESSOR_DEFINITIONS = (
					"DEBUG=1",
					"$(inherited)",
				);
				GCC_WARN_64_TO_32_BIT_CONVERSION = YES;
				GCC_WARN_ABOUT_RETURN_TYPE = YES_ERROR;
				GCC_WARN_UNDECLARED_SELECTOR = YES;
				GCC_WARN_UNINITIALIZED_AUTOS = YES_AGGRESSIVE;
				GCC_WARN_UNUSED_FUNCTION = YES;
				GCC_WARN_UNUSED_VARIABLE = YES;
				IPHONEOS_DEPLOYMENT_TARGET = 14.3;
				MTL_ENABLE_DEBUG_INFO = INCLUDE_SOURCE;
				MTL_FAST_MATH = YES;
				ONLY_ACTIVE_ARCH = YES;
				SDKROOT = iphoneos;
				SWIFT_ACTIVE_COMPILATION_CONDITIONS = DEBUG;
				SWIFT_OPTIMIZATION_LEVEL = "-Onone";
			};
			name = Debug;
		};
		043504082660097E0034EE79 /* Release */ = {
			isa = XCBuildConfiguration;
			buildSettings = {
				ALWAYS_SEARCH_USER_PATHS = NO;
				CLANG_ANALYZER_NONNULL = YES;
				CLANG_ANALYZER_NUMBER_OBJECT_CONVERSION = YES_AGGRESSIVE;
				CLANG_CXX_LANGUAGE_STANDARD = "gnu++14";
				CLANG_CXX_LIBRARY = "libc++";
				CLANG_ENABLE_MODULES = YES;
				CLANG_ENABLE_OBJC_ARC = YES;
				CLANG_ENABLE_OBJC_WEAK = YES;
				CLANG_WARN_BLOCK_CAPTURE_AUTORELEASING = YES;
				CLANG_WARN_BOOL_CONVERSION = YES;
				CLANG_WARN_COMMA = YES;
				CLANG_WARN_CONSTANT_CONVERSION = YES;
				CLANG_WARN_DEPRECATED_OBJC_IMPLEMENTATIONS = YES;
				CLANG_WARN_DIRECT_OBJC_ISA_USAGE = YES_ERROR;
				CLANG_WARN_DOCUMENTATION_COMMENTS = YES;
				CLANG_WARN_EMPTY_BODY = YES;
				CLANG_WARN_ENUM_CONVERSION = YES;
				CLANG_WARN_INFINITE_RECURSION = YES;
				CLANG_WARN_INT_CONVERSION = YES;
				CLANG_WARN_NON_LITERAL_NULL_CONVERSION = YES;
				CLANG_WARN_OBJC_IMPLICIT_RETAIN_SELF = YES;
				CLANG_WARN_OBJC_LITERAL_CONVERSION = YES;
				CLANG_WARN_OBJC_ROOT_CLASS = YES_ERROR;
				CLANG_WARN_QUOTED_INCLUDE_IN_FRAMEWORK_HEADER = YES;
				CLANG_WARN_RANGE_LOOP_ANALYSIS = YES;
				CLANG_WARN_STRICT_PROTOTYPES = YES;
				CLANG_WARN_SUSPICIOUS_MOVE = YES;
				CLANG_WARN_UNGUARDED_AVAILABILITY = YES_AGGRESSIVE;
				CLANG_WARN_UNREACHABLE_CODE = YES;
				CLANG_WARN__DUPLICATE_METHOD_MATCH = YES;
				COPY_PHASE_STRIP = NO;
				DEBUG_INFORMATION_FORMAT = "dwarf-with-dsym";
				ENABLE_NS_ASSERTIONS = NO;
				ENABLE_STRICT_OBJC_MSGSEND = YES;
				GCC_C_LANGUAGE_STANDARD = gnu11;
				GCC_NO_COMMON_BLOCKS = YES;
				GCC_WARN_64_TO_32_BIT_CONVERSION = YES;
				GCC_WARN_ABOUT_RETURN_TYPE = YES_ERROR;
				GCC_WARN_UNDECLARED_SELECTOR = YES;
				GCC_WARN_UNINITIALIZED_AUTOS = YES_AGGRESSIVE;
				GCC_WARN_UNUSED_FUNCTION = YES;
				GCC_WARN_UNUSED_VARIABLE = YES;
				IPHONEOS_DEPLOYMENT_TARGET = 14.3;
				MTL_ENABLE_DEBUG_INFO = NO;
				MTL_FAST_MATH = YES;
				SDKROOT = iphoneos;
				SWIFT_COMPILATION_MODE = wholemodule;
				SWIFT_OPTIMIZATION_LEVEL = "-O";
				VALIDATE_PRODUCT = YES;
			};
			name = Release;
		};
		0435040A2660097E0034EE79 /* Debug */ = {
			isa = XCBuildConfiguration;
			buildSettings = {
				ASSETCATALOG_COMPILER_APPICON_NAME = AppIcon;
				ASSETCATALOG_COMPILER_GLOBAL_ACCENT_COLOR_NAME = AccentColor;
				CODE_SIGN_STYLE = Automatic;
				DEVELOPMENT_TEAM = LB5YMG5W6W;
				INFOPLIST_FILE = MakeInsta/Info.plist;
				LD_RUNPATH_SEARCH_PATHS = (
					"$(inherited)",
					"@executable_path/Frameworks",
				);
				PRODUCT_BUNDLE_IDENTIFIER = com.ayemere.makeinsta.MakeInsta;
				PRODUCT_NAME = "$(TARGET_NAME)";
				SWIFT_VERSION = 5.0;
				TARGETED_DEVICE_FAMILY = "1,2";
			};
			name = Debug;
		};
		0435040B2660097E0034EE79 /* Release */ = {
			isa = XCBuildConfiguration;
			buildSettings = {
				ASSETCATALOG_COMPILER_APPICON_NAME = AppIcon;
				ASSETCATALOG_COMPILER_GLOBAL_ACCENT_COLOR_NAME = AccentColor;
				CODE_SIGN_STYLE = Automatic;
				DEVELOPMENT_TEAM = LB5YMG5W6W;
				INFOPLIST_FILE = MakeInsta/Info.plist;
				LD_RUNPATH_SEARCH_PATHS = (
					"$(inherited)",
					"@executable_path/Frameworks",
				);
				PRODUCT_BUNDLE_IDENTIFIER = com.ayemere.makeinsta.MakeInsta;
				PRODUCT_NAME = "$(TARGET_NAME)";
				SWIFT_VERSION = 5.0;
				TARGETED_DEVICE_FAMILY = "1,2";
			};
			name = Release;
		};
		0435040D2660097E0034EE79 /* Debug */ = {
			isa = XCBuildConfiguration;
			buildSettings = {
				ALWAYS_EMBED_SWIFT_STANDARD_LIBRARIES = YES;
				BUNDLE_LOADER = "$(TEST_HOST)";
				CODE_SIGN_STYLE = Automatic;
				DEVELOPMENT_TEAM = LB5YMG5W6W;
				INFOPLIST_FILE = MakeInstaTests/Info.plist;
				IPHONEOS_DEPLOYMENT_TARGET = 14.3;
				LD_RUNPATH_SEARCH_PATHS = (
					"$(inherited)",
					"@executable_path/Frameworks",
					"@loader_path/Frameworks",
				);
				PRODUCT_BUNDLE_IDENTIFIER = com.ayemere.makeinsta.MakeInstaTests;
				PRODUCT_NAME = "$(TARGET_NAME)";
				SWIFT_VERSION = 5.0;
				TARGETED_DEVICE_FAMILY = "1,2";
				TEST_HOST = "$(BUILT_PRODUCTS_DIR)/MakeInsta.app/MakeInsta";
			};
			name = Debug;
		};
		0435040E2660097E0034EE79 /* Release */ = {
			isa = XCBuildConfiguration;
			buildSettings = {
				ALWAYS_EMBED_SWIFT_STANDARD_LIBRARIES = YES;
				BUNDLE_LOADER = "$(TEST_HOST)";
				CODE_SIGN_STYLE = Automatic;
				DEVELOPMENT_TEAM = LB5YMG5W6W;
				INFOPLIST_FILE = MakeInstaTests/Info.plist;
				IPHONEOS_DEPLOYMENT_TARGET = 14.3;
				LD_RUNPATH_SEARCH_PATHS = (
					"$(inherited)",
					"@executable_path/Frameworks",
					"@loader_path/Frameworks",
				);
				PRODUCT_BUNDLE_IDENTIFIER = com.ayemere.makeinsta.MakeInstaTests;
				PRODUCT_NAME = "$(TARGET_NAME)";
				SWIFT_VERSION = 5.0;
				TARGETED_DEVICE_FAMILY = "1,2";
				TEST_HOST = "$(BUILT_PRODUCTS_DIR)/MakeInsta.app/MakeInsta";
			};
			name = Release;
		};
		043504102660097E0034EE79 /* Debug */ = {
			isa = XCBuildConfiguration;
			buildSettings = {
				ALWAYS_EMBED_SWIFT_STANDARD_LIBRARIES = YES;
				CODE_SIGN_STYLE = Automatic;
				DEVELOPMENT_TEAM = LB5YMG5W6W;
				INFOPLIST_FILE = MakeInstaUITests/Info.plist;
				LD_RUNPATH_SEARCH_PATHS = (
					"$(inherited)",
					"@executable_path/Frameworks",
					"@loader_path/Frameworks",
				);
				PRODUCT_BUNDLE_IDENTIFIER = com.ayemere.makeinsta.MakeInstaUITests;
				PRODUCT_NAME = "$(TARGET_NAME)";
				SWIFT_VERSION = 5.0;
				TARGETED_DEVICE_FAMILY = "1,2";
				TEST_TARGET_NAME = MakeInsta;
			};
			name = Debug;
		};
		043504112660097E0034EE79 /* Release */ = {
			isa = XCBuildConfiguration;
			buildSettings = {
				ALWAYS_EMBED_SWIFT_STANDARD_LIBRARIES = YES;
				CODE_SIGN_STYLE = Automatic;
				DEVELOPMENT_TEAM = LB5YMG5W6W;
				INFOPLIST_FILE = MakeInstaUITests/Info.plist;
				LD_RUNPATH_SEARCH_PATHS = (
					"$(inherited)",
					"@executable_path/Frameworks",
					"@loader_path/Frameworks",
				);
				PRODUCT_BUNDLE_IDENTIFIER = com.ayemere.makeinsta.MakeInstaUITests;
				PRODUCT_NAME = "$(TARGET_NAME)";
				SWIFT_VERSION = 5.0;
				TARGETED_DEVICE_FAMILY = "1,2";
				TEST_TARGET_NAME = MakeInsta;
			};
			name = Release;
		};
/* End XCBuildConfiguration section */

/* Begin XCConfigurationList section */
		043503DA2660097B0034EE79 /* Build configuration list for PBXProject "MakeInsta" */ = {
			isa = XCConfigurationList;
			buildConfigurations = (
				043504072660097E0034EE79 /* Debug */,
				043504082660097E0034EE79 /* Release */,
			);
			defaultConfigurationIsVisible = 0;
			defaultConfigurationName = Release;
		};
		043504092660097E0034EE79 /* Build configuration list for PBXNativeTarget "MakeInsta" */ = {
			isa = XCConfigurationList;
			buildConfigurations = (
				0435040A2660097E0034EE79 /* Debug */,
				0435040B2660097E0034EE79 /* Release */,
			);
			defaultConfigurationIsVisible = 0;
			defaultConfigurationName = Release;
		};
		0435040C2660097E0034EE79 /* Build configuration list for PBXNativeTarget "MakeInstaTests" */ = {
			isa = XCConfigurationList;
			buildConfigurations = (
				0435040D2660097E0034EE79 /* Debug */,
				0435040E2660097E0034EE79 /* Release */,
			);
			defaultConfigurationIsVisible = 0;
			defaultConfigurationName = Release;
		};
		0435040F2660097E0034EE79 /* Build configuration list for PBXNativeTarget "MakeInstaUITests" */ = {
			isa = XCConfigurationList;
			buildConfigurations = (
				043504102660097E0034EE79 /* Debug */,
				043504112660097E0034EE79 /* Release */,
			);
			defaultConfigurationIsVisible = 0;
			defaultConfigurationName = Release;
		};
/* End XCConfigurationList section */
	};
	rootObject = 043503D72660097B0034EE79 /* Project object */;
}
